# This file is automatically @generated by Poetry 2.1.3 and should not be changed by hand.

[[package]]
name = "scapy"
version = "2.6.1"
description = "Scapy: interactive packet manipulation tool"
optional = false
python-versions = "<4,>=3.7"
groups = ["main"]
files = [
    {file = "scapy-2.6.1-py3-none-any.whl", hash = "sha256:88a998572049b511a1f3e44f4aa7c62dd39c6ea2aa1bb58434f503956641789d"},
    {file = "scapy-2.6.1.tar.gz", hash = "sha256:7600d7e2383c853e5c3a6e05d37e17643beebf2b3e10d7914dffcc3bc3c6e6c5"},
]

[package.extras]
all = ["cryptography (>=2.0)", "ipython", "matplotlib", "pyx"]
cli = ["ipython"]
doc = ["sphinx (>=7.0.0)", "sphinx-rtd-theme (>=1.3.0)", "tox (>=3.0.0)"]

[metadata]
lock-version = "2.1"
python-versions = ">=3.13,<4"
content-hash = "e9f11ed8f9cd7eb7688a1b6f4bccca7dc780444055906657ea68f50ba84e2de0"
